# This file is automatically @generated by Cargo.
# It is not intended for manual editing.
version = 3

[[package]]
name = "enums"
version = "0.1.0"

[[package]]
name = "functions"
version = "0.1.0"

[[package]]
name = "hashmaps"
version = "0.1.0"

[[package]]
name = "p0-hello-world"
version = "0.1.0"

[[package]]
name = "p10_enum"
version = "0.1.0"

[[package]]
name = "p11_match"
version = "0.1.0"

[[package]]
name = "p12_module"
version = "0.1.0"

[[package]]
name = "p14-error-handle"
version = "0.1.0"

[[package]]
name = "p16-traits"
version = "0.1.0"

[[package]]
name = "p17-lifetimes"
version = "0.1.0"

[[package]]
name = "p1_variables"
version = "0.1.0"

[[package]]
name = "p2_types"
version = "0.1.0"

[[package]]
name = "p3_input"
version = "0.1.0"

[[package]]
name = "p4_type_casting"
version = "0.1.0"

[[package]]
name = "p5_control_flows"
version = "0.1.0"

[[package]]
name = "p6_functions"
version = "0.1.0"

[[package]]
name = "p7_1_string_slice"
version = "0.1.0"

[[package]]
name = "p7_ownership"
version = "0.1.0"

[[package]]
name = "p8_structs"
version = "0.1.0"

[[package]]
name = "p9_structs_method"
version = "0.1.0"

[[package]]
name = "package"
version = "0.1.0"

[[package]]
name = "strings"
version = "0.1.0"
dependencies = [
 "unicode-segmentation",
]

[[package]]
name = "structs"
version = "0.1.0"

[[package]]
name = "unicode-segmentation"
version = "1.11.0"
source = "registry+https://github.com/rust-lang/crates.io-index"
checksum = "d4c87d22b6e3f4a18d4d40ef354e97c90fcb14dd91d7dc0aa9d8a1172ebf7202"

[[package]]
name = "vectors"
version = "0.1.0"
